<?xml version="1.0" encoding="utf-8"?>
<Project ToolsVersion="4.0" xmlns="http://schemas.microsoft.com/developer/msbuild/2003">
  <ItemGroup>
    <Filter Include="Source Files">
      <UniqueIdentifier>{4FC737F1-C7A5-4376-A066-2A32D752A2FF}</UniqueIdentifier>
      <Extensions>cpp;c;cc;cxx;def;odl;idl;hpj;bat;asm;asmx</Extensions>
    </Filter>
    <Filter Include="Header Files">
      <UniqueIdentifier>{93995380-89BD-4b04-88EB-625FBE52EBFB}</UniqueIdentifier>
      <Extensions>h;hh;hpp;hxx;hm;inl;inc;xsd</Extensions>
    </Filter>
    <Filter Include="Resource Files">
      <UniqueIdentifier>{67DA6AB6-F800-4c08-8B7A-83BB121AAD01}</UniqueIdentifier>
      <Extensions>rc;ico;cur;bmp;dlg;rc2;rct;bin;rgs;gif;jpg;jpeg;jpe;resx;tiff;tif;png;wav;mfcribbon-ms</Extensions>
    </Filter>
  </ItemGroup>
  <ItemGroup>
    <ClCompile Include="DSMC2D_Template01.cpp">
      <Filter>Source Files</Filter>
    </ClCompile>
    <ClCompile Include="BRNG.cxx">
      <Filter>Source Files</Filter>
    </ClCompile>
    <ClCompile Include="GaussianRNG.cxx">
      <Filter>Source Files</Filter>
    </ClCompile>
    <ClCompile Include="IsotropicVectorRNG.cxx">
      <Filter>Source Files</Filter>
    </ClCompile>
    <ClCompile Include="DSMC2D_Template02.cpp">
      <Filter>Source Files</Filter>
    </ClCompile>
    <ClCompile Include="DSMC2D_Template03.cpp">
      <Filter>Source Files</Filter>
    </ClCompile>
    <ClCompile Include="DSMC2D_Template04.cpp">
      <Filter>Source Files</Filter>
    </ClCompile>
    <ClCompile Include="DSMC2D_Template05.cpp">
      <Filter>Source Files</Filter>
    </ClCompile>
    <ClCompile Include="DiscreteUniformRNG.cxx">
      <Filter>Source Files</Filter>
    </ClCompile>
    <ClCompile Include="Point2DUniformRectRNG.cxx">
      <Filter>Source Files</Filter>
    </ClCompile>
    <ClCompile Include="PoissonRNG.cxx">
      <Filter>Source Files</Filter>
    </ClCompile>
    <ClCompile Include="RayleighRNG.cxx">
      <Filter>Source Files</Filter>
    </ClCompile>
    <ClCompile Include="DSMC2D_Template05_simplified.cpp">
      <Filter>Source Files</Filter>
    </ClCompile>
    <ClCompile Include="DSMC2D_Template06.cpp">
      <Filter>Source Files</Filter>
    </ClCompile>
    <ClCompile Include="DSMC2D_Template07.cpp">
      <Filter>Source Files</Filter>
    </ClCompile>
    <ClCompile Include="DSMC2D_Template08.cpp">
      <Filter>Source Files</Filter>
    </ClCompile>
    <ClCompile Include="Gamma.cxx">
      <Filter>Source Files</Filter>
    </ClCompile>
  </ItemGroup>
</Project>