<?xml version="1.0" encoding="UTF-8" standalone="yes" ?>
<CodeBlocks_project_file>
	<FileVersion major="1" minor="6" />
	<Project>
		<Option title="Struct2D" />
		<Option pch_mode="2" />
		<Option compiler="gfortran" />
		<Build>
			<Target title="Debug">
				<Option output="../run/Struct2D" prefix_auto="1" extension_auto="1" />
				<Option working_dir="../run" />
				<Option object_output="obj/" />
				<Option type="1" />
				<Option compiler="gfortran" />
				<Option parameters="fplate_input_c" />
				<Compiler>
					<Add option="-fimplicit-none" />
					<Add option="-Wimplicit-interface" />
					<Add option="-fcheck=bounds" />
					<Add option="-g" />
				</Compiler>
			</Target>
			<Target title="Release">
				<Option output="../run/Struct2D" prefix_auto="1" extension_auto="1" />
				<Option working_dir="../run" />
				<Option object_output="obj/" />
				<Option type="1" />
				<Option compiler="gfortran" />
				<Option parameters="n0012_input" />
				<Compiler>
					<Add option="-O3" />
					<Add option="-fimplicit-none" />
					<Add option="-Wimplicit-interface" />
				</Compiler>
				<Linker>
					<Add option="-s" />
				</Linker>
			</Target>
		</Build>
		<Compiler>
			<Add option="-Wall" />
		</Compiler>
		<Unit filename="allocateMemory.f90">
			<Option weight="2" />
		</Unit>
		<Unit filename="bcondCut.f90">
			<Option weight="2" />
		</Unit>
		<Unit filename="bcondFarfield.f90">
			<Option weight="2" />
		</Unit>
		<Unit filename="bcondInflow.f90">
			<Option weight="2" />
		</Unit>
		<Unit filename="bcondInject.f90">
			<Option weight="2" />
		</Unit>
		<Unit filename="bcondOutflow.f90">
			<Option weight="2" />
		</Unit>
		<Unit filename="bcondSymmetry.f90">
			<Option weight="2" />
		</Unit>
		<Unit filename="bcondWalleu.f90">
			<Option weight="2" />
		</Unit>
		<Unit filename="bcondWallns.f90">
			<Option weight="2" />
		</Unit>
		<Unit filename="boundaryConditions.f90">
			<Option weight="2" />
		</Unit>
		<Unit filename="convergence.f90">
			<Option weight="2" />
		</Unit>
		<Unit filename="dependentVars.f90">
			<Option weight="2" />
		</Unit>
		<Unit filename="dissipCentral.f90">
			<Option weight="2" />
		</Unit>
		<Unit filename="dissipCentralPrec.f90">
			<Option weight="2" />
		</Unit>
		<Unit filename="dissipRoe1.f90">
			<Option weight="2" />
		</Unit>
		<Unit filename="dissipRoe1Prec.f90">
			<Option weight="2" />
		</Unit>
		<Unit filename="dissipRoe2.f90">
			<Option weight="2" />
		</Unit>
		<Unit filename="dissipRoe2Prec.f90">
			<Option weight="2" />
		</Unit>
		<Unit filename="error.f90">
			<Option weight="0" />
		</Unit>
		<Unit filename="fluxBoundary.f90">
			<Option weight="2" />
		</Unit>
		<Unit filename="fluxCentral.f90">
			<Option weight="2" />
		</Unit>
		<Unit filename="fluxCentralBound.f90">
			<Option weight="2" />
		</Unit>
		<Unit filename="fluxRoe1.f90">
			<Option weight="2" />
		</Unit>
		<Unit filename="fluxRoe2.f90">
			<Option weight="2" />
		</Unit>
		<Unit filename="fluxRoeBound.f90">
			<Option weight="2" />
		</Unit>
		<Unit filename="fluxViscous.f90">
			<Option weight="2" />
		</Unit>
		<Unit filename="forces.f90">
			<Option weight="2" />
		</Unit>
		<Unit filename="gradsFacesI.f90">
			<Option weight="2" />
		</Unit>
		<Unit filename="gradsFacesJ.f90">
			<Option weight="2" />
		</Unit>
		<Unit filename="gradsInitial.f90">
			<Option weight="2" />
		</Unit>
		<Unit filename="initConstants.f90">
			<Option weight="2" />
		</Unit>
		<Unit filename="initMetrics.f90">
			<Option weight="2" />
		</Unit>
		<Unit filename="initSolution.f90">
			<Option weight="2" />
		</Unit>
		<Unit filename="irsmoo.f90">
			<Option weight="2" />
		</Unit>
		<Unit filename="limiterRefvals.f90">
			<Option weight="2" />
		</Unit>
		<Unit filename="main.f90">
			<Option weight="2" />
		</Unit>
		<Unit filename="massflow.f90">
			<Option weight="2" />
		</Unit>
		<Unit filename="modControl.f90">
			<Option weight="1" />
		</Unit>
		<Unit filename="modDataTypes.f90">
			<Option weight="0" />
		</Unit>
		<Unit filename="modFiles.f90">
			<Option weight="1" />
		</Unit>
		<Unit filename="modGeometry.f90">
			<Option weight="1" />
		</Unit>
		<Unit filename="modInterfaces.f90">
			<Option weight="1" />
		</Unit>
		<Unit filename="modNumerics.f90">
			<Option weight="1" />
		</Unit>
		<Unit filename="modPhysics.f90">
			<Option weight="1" />
		</Unit>
		<Unit filename="modPlotQuant.f90">
			<Option weight="1" />
		</Unit>
		<Unit filename="plotFlow.f90">
			<Option weight="2" />
		</Unit>
		<Unit filename="plotSurfaces.f90">
			<Option weight="2" />
		</Unit>
		<Unit filename="precondMatrices.f90">
			<Option weight="2" />
		</Unit>
		<Unit filename="printParams.f90">
			<Option weight="2" />
		</Unit>
		<Unit filename="readChar.f90">
			<Option weight="1" />
		</Unit>
		<Unit filename="readGrid.f90">
			<Option weight="2" />
		</Unit>
		<Unit filename="readParams.f90">
			<Option weight="2" />
		</Unit>
		<Unit filename="readSolution.f90">
			<Option weight="2" />
		</Unit>
		<Unit filename="readTopology.f90">
			<Option weight="2" />
		</Unit>
		<Unit filename="solver.f90">
			<Option weight="2" />
		</Unit>
		<Unit filename="timeStep.f90">
			<Option weight="2" />
		</Unit>
		<Unit filename="varDifferences.f90">
			<Option weight="2" />
		</Unit>
		<Unit filename="writeSolution.f90">
			<Option weight="2" />
		</Unit>
		<Extensions>
			<code_completion />
			<envvars />
			<debugger />
		</Extensions>
	</Project>
</CodeBlocks_project_file>
